<?xml version="1.0" encoding="utf-8"?>
<Project ToolsVersion="4.0" xmlns="http://schemas.microsoft.com/developer/msbuild/2003">
  <ItemGroup>
    <ClCompile Include="BackbufferSurface.cpp" />
    <ClCompile Include="config.cpp" />
    <ClCompile Include="ddraw.cpp" />
    <ClCompile Include="DepthSurface.cpp" />
    <ClCompile Include="DeviceResources.cpp" />
    <ClCompile Include="Direct3D.cpp" />
    <ClCompile Include="Direct3DDevice.cpp" />
    <ClCompile Include="Direct3DExecuteBuffer.cpp" />
    <ClCompile Include="Direct3DMaterial.cpp" />
    <ClCompile Include="Direct3DTexture.cpp" />
    <ClCompile Include="Direct3DViewport.cpp" />
    <ClCompile Include="DirectDraw.cpp" />
    <ClCompile Include="DirectDraw2.cpp" />
    <ClCompile Include="DirectDrawPalette.cpp" />
    <ClCompile Include="dllmain.cpp" />
    <ClCompile Include="ExecuteBufferDumper.cpp" />
    <ClCompile Include="FrontbufferSurface.cpp" />
    <ClCompile Include="joystick.cpp" />
    <ClCompile Include="logger.cpp" />
    <ClCompile Include="MipmapSurface.cpp" />
    <ClCompile Include="OffscreenSurface.cpp" />
    <ClCompile Include="PrimarySurface.cpp" />
    <ClCompile Include="TextureSurface.cpp" />
    <ClCompile Include="utils.cpp" />
    <ClCompile Include="XwaDrawBracketHook.cpp" />
    <ClCompile Include="XwaDrawRadarHook.cpp" />
    <ClCompile Include="XwaDrawTextHook.cpp" />
  </ItemGroup>
  <ItemGroup>
    <ClInclude Include="BackbufferSurface.h" />
    <ClInclude Include="common.h" />
    <ClInclude Include="ComPtr.h" />
    <ClInclude Include="config.h" />
    <ClInclude Include="DepthSurface.h" />
    <ClInclude Include="DeviceResources.h" />
    <ClInclude Include="Direct3D.h" />
    <ClInclude Include="Direct3DDevice.h" />
    <ClInclude Include="Direct3DExecuteBuffer.h" />
    <ClInclude Include="Direct3DMaterial.h" />
    <ClInclude Include="Direct3DTexture.h" />
    <ClInclude Include="Direct3DViewport.h" />
    <ClInclude Include="DirectDraw.h" />
    <ClInclude Include="DirectDraw2.h" />
    <ClInclude Include="DirectDrawPalette.h" />
    <ClInclude Include="ExecuteBufferDumper.h" />
    <ClInclude Include="FrontbufferSurface.h" />
    <ClInclude Include="joystick.h" />
    <ClInclude Include="logger.h" />
    <ClInclude Include="MipmapSurface.h" />
    <ClInclude Include="OffscreenSurface.h" />
    <ClInclude Include="PrimarySurface.h" />
    <ClInclude Include="resource.h" />
    <ClInclude Include="targetver.h" />
    <ClInclude Include="TextureSurface.h" />
    <ClInclude Include="utils.h" />
    <ClInclude Include="XwaDrawBracketHook.h" />
    <ClInclude Include="XwaDrawRadarHook.h" />
    <ClInclude Include="XwaDrawTextHook.h" />
  </ItemGroup>
  <ItemGroup>
    <ResourceCompile Include="ddraw.rc" />
  </ItemGroup>
  <ItemGroup>
    <None Include="ddraw.cfg" />
    <None Include="ddraw.def" />
  </ItemGroup>
</Project>